
Microsoft Visual Studio Solution File, Format Version 12.00
# Visual Studio Version 17
VisualStudioVersion = 17.0.31903.59
MinimumVisualStudioVersion = 10.0.40219.1
Project("{2150E333-8FDC-42A3-9474-1A3956D46DE8}") = "Creational", "Creational", "{56A9F078-40C9-3DDD-7DA3-B5A4BF238A7F}"
EndProject
Project("{2150E333-8FDC-42A3-9474-1A3956D46DE8}") = "AbstractFactory", "AbstractFactory", "{596AD531-0331-6D51-F1EA-EE7225ABB4F2}"
EndProject
Project("{FAE04EC0-301F-11D3-BF4B-00C04F79EFBC}") = "AbstractFactoryPattern", "Creational\AbstractFactory\AbstractFactoryPattern\AbstractFactoryPattern.csproj", "{0F5AED12-5668-4DAF-965E-B938146E7497}"
EndProject
Project("{2150E333-8FDC-42A3-9474-1A3956D46DE8}") = "Structural", "Structural", "{AAFBD153-24CA-142F-8D87-E9EA6ABB24FE}"
EndProject
Project("{2150E333-8FDC-42A3-9474-1A3956D46DE8}") = "Adapter", "Adapter", "{54F7DA6F-EA37-D2F8-7D31-0E22057C65BE}"
	ProjectSection(SolutionItems) = preProject
		Structural\Adapter\README.md = Structural\Adapter\README.md
	EndProjectSection
EndProject
Project("{FAE04EC0-301F-11D3-BF4B-00C04F79EFBC}") = "AdapterPattern", "Structural\Adapter\AdapterPattern\AdapterPattern.csproj", "{A79DD375-79B5-4B37-B945-02A13A3E4AB8}"
EndProject
Project("{2150E333-8FDC-42A3-9474-1A3956D46DE8}") = "Behavioral", "Behavioral", "{26DBFC19-437C-4F90-1A5A-542F2D728CEE}"
EndProject
Project("{2150E333-8FDC-42A3-9474-1A3956D46DE8}") = "Strategy", "Strategy", "{5ACE1E23-56CB-85AE-16B9-554EA5BF7433}"
EndProject
Project("{FAE04EC0-301F-11D3-BF4B-00C04F79EFBC}") = "StrategyPattern", "Behavioral\Strategy\StrategyPattern\StrategyPattern.csproj", "{E63EAEE5-9204-4B70-A5F0-1CE9826160A3}"
EndProject
Project("{2150E333-8FDC-42A3-9474-1A3956D46DE8}") = "Mediator", "Mediator", "{FE3992F4-CC36-C0D1-5274-12530496DB1F}"
EndProject
Project("{FAE04EC0-301F-11D3-BF4B-00C04F79EFBC}") = "MediatorPattern", "Behavioral\Mediator\MediatorPattern\MediatorPattern.csproj", "{AFA5B9F6-991D-412B-8109-FCD329EBA21B}"
EndProject
Project("{2150E333-8FDC-42A3-9474-1A3956D46DE8}") = "Observer", "Observer", "{F53EE8E5-FCB2-274F-0460-A463C4E6B05E}"
EndProject
Project("{FAE04EC0-301F-11D3-BF4B-00C04F79EFBC}") = "ObserverPattern", "Behavioral\Observer\ObserverPattern\ObserverPattern.csproj", "{EC74504D-6F50-4527-BA05-601C271183F0}"
EndProject
Project("{2150E333-8FDC-42A3-9474-1A3956D46DE8}") = "Iterator", "Iterator", "{153B590F-F5DC-B45C-3D4A-2B1FA8A0AE67}"
EndProject
Project("{FAE04EC0-301F-11D3-BF4B-00C04F79EFBC}") = "IteratorPattern", "Behavioral\Iterator\IteratorPattern\IteratorPattern.csproj", "{B2A13BEB-5829-4F60-A7A2-AD7F6450C27B}"
EndProject
Project("{2150E333-8FDC-42A3-9474-1A3956D46DE8}") = "Decorator", "Decorator", "{234D4270-9C81-DE9C-F77D-6160D21C44F7}"
EndProject
Project("{FAE04EC0-301F-11D3-BF4B-00C04F79EFBC}") = "DecoratorPattern", "Structural\Decorator\DecoratorPattern\DecoratorPattern.csproj", "{8C76F8DC-2CF5-4A78-B458-A1F629CE2CFA}"
EndProject
Project("{2150E333-8FDC-42A3-9474-1A3956D46DE8}") = "FactoryMethod", "FactoryMethod", "{7CA0D51C-84E9-8712-0C1F-3FAD12ADE1E5}"
EndProject
Project("{FAE04EC0-301F-11D3-BF4B-00C04F79EFBC}") = "FactoryMethodPattern", "Creational\FactoryMethod\FactoryMethodPattern\FactoryMethodPattern.csproj", "{7CFBD0EF-61EB-4CEF-9D36-8BFC3C33D9B1}"
EndProject
Project("{2150E333-8FDC-42A3-9474-1A3956D46DE8}") = "State", "State", "{9D937873-6CE6-7BC9-A64B-A1419C8415E6}"
EndProject
Project("{FAE04EC0-301F-11D3-BF4B-00C04F79EFBC}") = "StatePattern", "Behavioral\State\StatePattern\StatePattern.csproj", "{25E21D3B-BD84-4D36-885D-9EB64C943B97}"
EndProject
Project("{2150E333-8FDC-42A3-9474-1A3956D46DE8}") = "TemplateMethod", "TemplateMethod", "{DFDAB432-7130-2039-E45F-EAB82F5C4631}"
EndProject
Project("{FAE04EC0-301F-11D3-BF4B-00C04F79EFBC}") = "TemplateMethodPattern", "Behavioral\TemplateMethod\TemplateMethodPattern\TemplateMethodPattern.csproj", "{8B689B7C-5DC5-408F-889D-F927E1AD2582}"
EndProject
Project("{2150E333-8FDC-42A3-9474-1A3956D46DE8}") = "Facade", "Facade", "{8BFCA0EC-EE64-40DD-E87D-5C4BD1B6D5A5}"
EndProject
Project("{FAE04EC0-301F-11D3-BF4B-00C04F79EFBC}") = "FacadePattern", "Structural\Facade\FacadePattern\FacadePattern.csproj", "{C540C4A9-257E-43BD-BFB8-2B95C4474237}"
EndProject
Project("{2150E333-8FDC-42A3-9474-1A3956D46DE8}") = "Command", "Command", "{97D8945E-59FA-0188-FC69-6B16FBD6DC40}"
EndProject
Project("{FAE04EC0-301F-11D3-BF4B-00C04F79EFBC}") = "CommandPattern", "Behavioral\Command\CommandPattern\CommandPattern.csproj", "{37E34416-94C7-4CB3-AB71-225A4F44CBC7}"
EndProject
Project("{2150E333-8FDC-42A3-9474-1A3956D46DE8}") = "Prototype", "Prototype", "{6CB770A1-D217-CF4C-3F8E-F9C495E5E553}"
	ProjectSection(SolutionItems) = preProject
		Creational\Prototype\README.md = Creational\Prototype\README.md
	EndProjectSection
EndProject
Project("{FAE04EC0-301F-11D3-BF4B-00C04F79EFBC}") = "PrototypePattern", "Creational\Prototype\PrototypePattern\PrototypePattern.csproj", "{7B61EE8D-E22B-4F5C-8069-85653235F207}"
EndProject
Global
	GlobalSection(SolutionConfigurationPlatforms) = preSolution
		Debug|Any CPU = Debug|Any CPU
		Debug|x64 = Debug|x64
		Debug|x86 = Debug|x86
		Release|Any CPU = Release|Any CPU
		Release|x64 = Release|x64
		Release|x86 = Release|x86
	EndGlobalSection
	GlobalSection(ProjectConfigurationPlatforms) = postSolution
		{0F5AED12-5668-4DAF-965E-B938146E7497}.Debug|Any CPU.ActiveCfg = Debug|Any CPU
		{0F5AED12-5668-4DAF-965E-B938146E7497}.Debug|Any CPU.Build.0 = Debug|Any CPU
		{0F5AED12-5668-4DAF-965E-B938146E7497}.Debug|x64.ActiveCfg = Debug|Any CPU
		{0F5AED12-5668-4DAF-965E-B938146E7497}.Debug|x64.Build.0 = Debug|Any CPU
		{0F5AED12-5668-4DAF-965E-B938146E7497}.Debug|x86.ActiveCfg = Debug|Any CPU
		{0F5AED12-5668-4DAF-965E-B938146E7497}.Debug|x86.Build.0 = Debug|Any CPU
		{0F5AED12-5668-4DAF-965E-B938146E7497}.Release|Any CPU.ActiveCfg = Release|Any CPU
		{0F5AED12-5668-4DAF-965E-B938146E7497}.Release|Any CPU.Build.0 = Release|Any CPU
		{0F5AED12-5668-4DAF-965E-B938146E7497}.Release|x64.ActiveCfg = Release|Any CPU
		{0F5AED12-5668-4DAF-965E-B938146E7497}.Release|x64.Build.0 = Release|Any CPU
		{0F5AED12-5668-4DAF-965E-B938146E7497}.Release|x86.ActiveCfg = Release|Any CPU
		{0F5AED12-5668-4DAF-965E-B938146E7497}.Release|x86.Build.0 = Release|Any CPU
		{A79DD375-79B5-4B37-B945-02A13A3E4AB8}.Debug|Any CPU.ActiveCfg = Debug|Any CPU
		{A79DD375-79B5-4B37-B945-02A13A3E4AB8}.Debug|Any CPU.Build.0 = Debug|Any CPU
		{A79DD375-79B5-4B37-B945-02A13A3E4AB8}.Debug|x64.ActiveCfg = Debug|Any CPU
		{A79DD375-79B5-4B37-B945-02A13A3E4AB8}.Debug|x64.Build.0 = Debug|Any CPU
		{A79DD375-79B5-4B37-B945-02A13A3E4AB8}.Debug|x86.ActiveCfg = Debug|Any CPU
		{A79DD375-79B5-4B37-B945-02A13A3E4AB8}.Debug|x86.Build.0 = Debug|Any CPU
		{A79DD375-79B5-4B37-B945-02A13A3E4AB8}.Release|Any CPU.ActiveCfg = Release|Any CPU
		{A79DD375-79B5-4B37-B945-02A13A3E4AB8}.Release|Any CPU.Build.0 = Release|Any CPU
		{A79DD375-79B5-4B37-B945-02A13A3E4AB8}.Release|x64.ActiveCfg = Release|Any CPU
		{A79DD375-79B5-4B37-B945-02A13A3E4AB8}.Release|x64.Build.0 = Release|Any CPU
		{A79DD375-79B5-4B37-B945-02A13A3E4AB8}.Release|x86.ActiveCfg = Release|Any CPU
		{A79DD375-79B5-4B37-B945-02A13A3E4AB8}.Release|x86.Build.0 = Release|Any CPU
		{E63EAEE5-9204-4B70-A5F0-1CE9826160A3}.Debug|Any CPU.ActiveCfg = Debug|Any CPU
		{E63EAEE5-9204-4B70-A5F0-1CE9826160A3}.Debug|Any CPU.Build.0 = Debug|Any CPU
		{E63EAEE5-9204-4B70-A5F0-1CE9826160A3}.Debug|x64.ActiveCfg = Debug|Any CPU
		{E63EAEE5-9204-4B70-A5F0-1CE9826160A3}.Debug|x64.Build.0 = Debug|Any CPU
		{E63EAEE5-9204-4B70-A5F0-1CE9826160A3}.Debug|x86.ActiveCfg = Debug|Any CPU
		{E63EAEE5-9204-4B70-A5F0-1CE9826160A3}.Debug|x86.Build.0 = Debug|Any CPU
		{E63EAEE5-9204-4B70-A5F0-1CE9826160A3}.Release|Any CPU.ActiveCfg = Release|Any CPU
		{E63EAEE5-9204-4B70-A5F0-1CE9826160A3}.Release|Any CPU.Build.0 = Release|Any CPU
		{E63EAEE5-9204-4B70-A5F0-1CE9826160A3}.Release|x64.ActiveCfg = Release|Any CPU
		{E63EAEE5-9204-4B70-A5F0-1CE9826160A3}.Release|x64.Build.0 = Release|Any CPU
		{E63EAEE5-9204-4B70-A5F0-1CE9826160A3}.Release|x86.ActiveCfg = Release|Any CPU
		{E63EAEE5-9204-4B70-A5F0-1CE9826160A3}.Release|x86.Build.0 = Release|Any CPU
		{AFA5B9F6-991D-412B-8109-FCD329EBA21B}.Debug|Any CPU.ActiveCfg = Debug|Any CPU
		{AFA5B9F6-991D-412B-8109-FCD329EBA21B}.Debug|Any CPU.Build.0 = Debug|Any CPU
		{AFA5B9F6-991D-412B-8109-FCD329EBA21B}.Debug|x64.ActiveCfg = Debug|Any CPU
		{AFA5B9F6-991D-412B-8109-FCD329EBA21B}.Debug|x64.Build.0 = Debug|Any CPU
		{AFA5B9F6-991D-412B-8109-FCD329EBA21B}.Debug|x86.ActiveCfg = Debug|Any CPU
		{AFA5B9F6-991D-412B-8109-FCD329EBA21B}.Debug|x86.Build.0 = Debug|Any CPU
		{AFA5B9F6-991D-412B-8109-FCD329EBA21B}.Release|Any CPU.ActiveCfg = Release|Any CPU
		{AFA5B9F6-991D-412B-8109-FCD329EBA21B}.Release|Any CPU.Build.0 = Release|Any CPU
		{AFA5B9F6-991D-412B-8109-FCD329EBA21B}.Release|x64.ActiveCfg = Release|Any CPU
		{AFA5B9F6-991D-412B-8109-FCD329EBA21B}.Release|x64.Build.0 = Release|Any CPU
		{AFA5B9F6-991D-412B-8109-FCD329EBA21B}.Release|x86.ActiveCfg = Release|Any CPU
		{AFA5B9F6-991D-412B-8109-FCD329EBA21B}.Release|x86.Build.0 = Release|Any CPU
		{EC74504D-6F50-4527-BA05-601C271183F0}.Debug|Any CPU.ActiveCfg = Debug|Any CPU
		{EC74504D-6F50-4527-BA05-601C271183F0}.Debug|Any CPU.Build.0 = Debug|Any CPU
		{EC74504D-6F50-4527-BA05-601C271183F0}.Debug|x64.ActiveCfg = Debug|Any CPU
		{EC74504D-6F50-4527-BA05-601C271183F0}.Debug|x64.Build.0 = Debug|Any CPU
		{EC74504D-6F50-4527-BA05-601C271183F0}.Debug|x86.ActiveCfg = Debug|Any CPU
		{EC74504D-6F50-4527-BA05-601C271183F0}.Debug|x86.Build.0 = Debug|Any CPU
		{EC74504D-6F50-4527-BA05-601C271183F0}.Release|Any CPU.ActiveCfg = Release|Any CPU
		{EC74504D-6F50-4527-BA05-601C271183F0}.Release|Any CPU.Build.0 = Release|Any CPU
		{EC74504D-6F50-4527-BA05-601C271183F0}.Release|x64.ActiveCfg = Release|Any CPU
		{EC74504D-6F50-4527-BA05-601C271183F0}.Release|x64.Build.0 = Release|Any CPU
		{EC74504D-6F50-4527-BA05-601C271183F0}.Release|x86.ActiveCfg = Release|Any CPU
		{EC74504D-6F50-4527-BA05-601C271183F0}.Release|x86.Build.0 = Release|Any CPU
		{B2A13BEB-5829-4F60-A7A2-AD7F6450C27B}.Debug|Any CPU.ActiveCfg = Debug|Any CPU
		{B2A13BEB-5829-4F60-A7A2-AD7F6450C27B}.Debug|Any CPU.Build.0 = Debug|Any CPU
		{B2A13BEB-5829-4F60-A7A2-AD7F6450C27B}.Debug|x64.ActiveCfg = Debug|Any CPU
		{B2A13BEB-5829-4F60-A7A2-AD7F6450C27B}.Debug|x64.Build.0 = Debug|Any CPU
		{B2A13BEB-5829-4F60-A7A2-AD7F6450C27B}.Debug|x86.ActiveCfg = Debug|Any CPU
		{B2A13BEB-5829-4F60-A7A2-AD7F6450C27B}.Debug|x86.Build.0 = Debug|Any CPU
		{B2A13BEB-5829-4F60-A7A2-AD7F6450C27B}.Release|Any CPU.ActiveCfg = Release|Any CPU
		{B2A13BEB-5829-4F60-A7A2-AD7F6450C27B}.Release|Any CPU.Build.0 = Release|Any CPU
		{B2A13BEB-5829-4F60-A7A2-AD7F6450C27B}.Release|x64.ActiveCfg = Release|Any CPU
		{B2A13BEB-5829-4F60-A7A2-AD7F6450C27B}.Release|x64.Build.0 = Release|Any CPU
		{B2A13BEB-5829-4F60-A7A2-AD7F6450C27B}.Release|x86.ActiveCfg = Release|Any CPU
		{B2A13BEB-5829-4F60-A7A2-AD7F6450C27B}.Release|x86.Build.0 = Release|Any CPU
		{8C76F8DC-2CF5-4A78-B458-A1F629CE2CFA}.Debug|Any CPU.ActiveCfg = Debug|Any CPU
		{8C76F8DC-2CF5-4A78-B458-A1F629CE2CFA}.Debug|Any CPU.Build.0 = Debug|Any CPU
		{8C76F8DC-2CF5-4A78-B458-A1F629CE2CFA}.Debug|x64.ActiveCfg = Debug|Any CPU
		{8C76F8DC-2CF5-4A78-B458-A1F629CE2CFA}.Debug|x64.Build.0 = Debug|Any CPU
		{8C76F8DC-2CF5-4A78-B458-A1F629CE2CFA}.Debug|x86.ActiveCfg = Debug|Any CPU
		{8C76F8DC-2CF5-4A78-B458-A1F629CE2CFA}.Debug|x86.Build.0 = Debug|Any CPU
		{8C76F8DC-2CF5-4A78-B458-A1F629CE2CFA}.Release|Any CPU.ActiveCfg = Release|Any CPU
		{8C76F8DC-2CF5-4A78-B458-A1F629CE2CFA}.Release|Any CPU.Build.0 = Release|Any CPU
		{8C76F8DC-2CF5-4A78-B458-A1F629CE2CFA}.Release|x64.ActiveCfg = Release|Any CPU
		{8C76F8DC-2CF5-4A78-B458-A1F629CE2CFA}.Release|x64.Build.0 = Release|Any CPU
		{8C76F8DC-2CF5-4A78-B458-A1F629CE2CFA}.Release|x86.ActiveCfg = Release|Any CPU
		{8C76F8DC-2CF5-4A78-B458-A1F629CE2CFA}.Release|x86.Build.0 = Release|Any CPU
		{7CFBD0EF-61EB-4CEF-9D36-8BFC3C33D9B1}.Debug|Any CPU.ActiveCfg = Debug|Any CPU
		{7CFBD0EF-61EB-4CEF-9D36-8BFC3C33D9B1}.Debug|Any CPU.Build.0 = Debug|Any CPU
		{7CFBD0EF-61EB-4CEF-9D36-8BFC3C33D9B1}.Debug|x64.ActiveCfg = Debug|Any CPU
		{7CFBD0EF-61EB-4CEF-9D36-8BFC3C33D9B1}.Debug|x64.Build.0 = Debug|Any CPU
		{7CFBD0EF-61EB-4CEF-9D36-8BFC3C33D9B1}.Debug|x86.ActiveCfg = Debug|Any CPU
		{7CFBD0EF-61EB-4CEF-9D36-8BFC3C33D9B1}.Debug|x86.Build.0 = Debug|Any CPU
		{7CFBD0EF-61EB-4CEF-9D36-8BFC3C33D9B1}.Release|Any CPU.ActiveCfg = Release|Any CPU
		{7CFBD0EF-61EB-4CEF-9D36-8BFC3C33D9B1}.Release|Any CPU.Build.0 = Release|Any CPU
		{7CFBD0EF-61EB-4CEF-9D36-8BFC3C33D9B1}.Release|x64.ActiveCfg = Release|Any CPU
		{7CFBD0EF-61EB-4CEF-9D36-8BFC3C33D9B1}.Release|x64.Build.0 = Release|Any CPU
		{7CFBD0EF-61EB-4CEF-9D36-8BFC3C33D9B1}.Release|x86.ActiveCfg = Release|Any CPU
		{7CFBD0EF-61EB-4CEF-9D36-8BFC3C33D9B1}.Release|x86.Build.0 = Release|Any CPU
		{25E21D3B-BD84-4D36-885D-9EB64C943B97}.Debug|Any CPU.ActiveCfg = Debug|Any CPU
		{25E21D3B-BD84-4D36-885D-9EB64C943B97}.Debug|Any CPU.Build.0 = Debug|Any CPU
		{25E21D3B-BD84-4D36-885D-9EB64C943B97}.Debug|x64.ActiveCfg = Debug|Any CPU
		{25E21D3B-BD84-4D36-885D-9EB64C943B97}.Debug|x64.Build.0 = Debug|Any CPU
		{25E21D3B-BD84-4D36-885D-9EB64C943B97}.Debug|x86.ActiveCfg = Debug|Any CPU
		{25E21D3B-BD84-4D36-885D-9EB64C943B97}.Debug|x86.Build.0 = Debug|Any CPU
		{25E21D3B-BD84-4D36-885D-9EB64C943B97}.Release|Any CPU.ActiveCfg = Release|Any CPU
		{25E21D3B-BD84-4D36-885D-9EB64C943B97}.Release|Any CPU.Build.0 = Release|Any CPU
		{25E21D3B-BD84-4D36-885D-9EB64C943B97}.Release|x64.ActiveCfg = Release|Any CPU
		{25E21D3B-BD84-4D36-885D-9EB64C943B97}.Release|x64.Build.0 = Release|Any CPU
		{25E21D3B-BD84-4D36-885D-9EB64C943B97}.Release|x86.ActiveCfg = Release|Any CPU
		{25E21D3B-BD84-4D36-885D-9EB64C943B97}.Release|x86.Build.0 = Release|Any CPU
		{8B689B7C-5DC5-408F-889D-F927E1AD2582}.Debug|Any CPU.ActiveCfg = Debug|Any CPU
		{8B689B7C-5DC5-408F-889D-F927E1AD2582}.Debug|Any CPU.Build.0 = Debug|Any CPU
		{8B689B7C-5DC5-408F-889D-F927E1AD2582}.Debug|x64.ActiveCfg = Debug|Any CPU
		{8B689B7C-5DC5-408F-889D-F927E1AD2582}.Debug|x64.Build.0 = Debug|Any CPU
		{8B689B7C-5DC5-408F-889D-F927E1AD2582}.Debug|x86.ActiveCfg = Debug|Any CPU
		{8B689B7C-5DC5-408F-889D-F927E1AD2582}.Debug|x86.Build.0 = Debug|Any CPU
		{8B689B7C-5DC5-408F-889D-F927E1AD2582}.Release|Any CPU.ActiveCfg = Release|Any CPU
		{8B689B7C-5DC5-408F-889D-F927E1AD2582}.Release|Any CPU.Build.0 = Release|Any CPU
		{8B689B7C-5DC5-408F-889D-F927E1AD2582}.Release|x64.ActiveCfg = Release|Any CPU
		{8B689B7C-5DC5-408F-889D-F927E1AD2582}.Release|x64.Build.0 = Release|Any CPU
		{8B689B7C-5DC5-408F-889D-F927E1AD2582}.Release|x86.ActiveCfg = Release|Any CPU
		{8B689B7C-5DC5-408F-889D-F927E1AD2582}.Release|x86.Build.0 = Release|Any CPU
		{C540C4A9-257E-43BD-BFB8-2B95C4474237}.Debug|Any CPU.ActiveCfg = Debug|Any CPU
		{C540C4A9-257E-43BD-BFB8-2B95C4474237}.Debug|Any CPU.Build.0 = Debug|Any CPU
		{C540C4A9-257E-43BD-BFB8-2B95C4474237}.Debug|x64.ActiveCfg = Debug|Any CPU
		{C540C4A9-257E-43BD-BFB8-2B95C4474237}.Debug|x64.Build.0 = Debug|Any CPU
		{C540C4A9-257E-43BD-BFB8-2B95C4474237}.Debug|x86.ActiveCfg = Debug|Any CPU
		{C540C4A9-257E-43BD-BFB8-2B95C4474237}.Debug|x86.Build.0 = Debug|Any CPU
		{C540C4A9-257E-43BD-BFB8-2B95C4474237}.Release|Any CPU.ActiveCfg = Release|Any CPU
		{C540C4A9-257E-43BD-BFB8-2B95C4474237}.Release|Any CPU.Build.0 = Release|Any CPU
		{C540C4A9-257E-43BD-BFB8-2B95C4474237}.Release|x64.ActiveCfg = Release|Any CPU
		{C540C4A9-257E-43BD-BFB8-2B95C4474237}.Release|x64.Build.0 = Release|Any CPU
		{C540C4A9-257E-43BD-BFB8-2B95C4474237}.Release|x86.ActiveCfg = Release|Any CPU
		{C540C4A9-257E-43BD-BFB8-2B95C4474237}.Release|x86.Build.0 = Release|Any CPU
		{37E34416-94C7-4CB3-AB71-225A4F44CBC7}.Debug|Any CPU.ActiveCfg = Debug|Any CPU
		{37E34416-94C7-4CB3-AB71-225A4F44CBC7}.Debug|Any CPU.Build.0 = Debug|Any CPU
		{37E34416-94C7-4CB3-AB71-225A4F44CBC7}.Debug|x64.ActiveCfg = Debug|Any CPU
		{37E34416-94C7-4CB3-AB71-225A4F44CBC7}.Debug|x64.Build.0 = Debug|Any CPU
		{37E34416-94C7-4CB3-AB71-225A4F44CBC7}.Debug|x86.ActiveCfg = Debug|Any CPU
		{37E34416-94C7-4CB3-AB71-225A4F44CBC7}.Debug|x86.Build.0 = Debug|Any CPU
		{37E34416-94C7-4CB3-AB71-225A4F44CBC7}.Release|Any CPU.ActiveCfg = Release|Any CPU
		{37E34416-94C7-4CB3-AB71-225A4F44CBC7}.Release|Any CPU.Build.0 = Release|Any CPU
		{37E34416-94C7-4CB3-AB71-225A4F44CBC7}.Release|x64.ActiveCfg = Release|Any CPU
		{37E34416-94C7-4CB3-AB71-225A4F44CBC7}.Release|x64.Build.0 = Release|Any CPU
		{37E34416-94C7-4CB3-AB71-225A4F44CBC7}.Release|x86.ActiveCfg = Release|Any CPU
		{37E34416-94C7-4CB3-AB71-225A4F44CBC7}.Release|x86.Build.0 = Release|Any CPU
		{7B61EE8D-E22B-4F5C-8069-85653235F207}.Debug|Any CPU.ActiveCfg = Debug|Any CPU
		{7B61EE8D-E22B-4F5C-8069-85653235F207}.Debug|Any CPU.Build.0 = Debug|Any CPU
		{7B61EE8D-E22B-4F5C-8069-85653235F207}.Debug|x64.ActiveCfg = Debug|Any CPU
		{7B61EE8D-E22B-4F5C-8069-85653235F207}.Debug|x64.Build.0 = Debug|Any CPU
		{7B61EE8D-E22B-4F5C-8069-85653235F207}.Debug|x86.ActiveCfg = Debug|Any CPU
		{7B61EE8D-E22B-4F5C-8069-85653235F207}.Debug|x86.Build.0 = Debug|Any CPU
		{7B61EE8D-E22B-4F5C-8069-85653235F207}.Release|Any CPU.ActiveCfg = Release|Any CPU
		{7B61EE8D-E22B-4F5C-8069-85653235F207}.Release|Any CPU.Build.0 = Release|Any CPU
		{7B61EE8D-E22B-4F5C-8069-85653235F207}.Release|x64.ActiveCfg = Release|Any CPU
		{7B61EE8D-E22B-4F5C-8069-85653235F207}.Release|x64.Build.0 = Release|Any CPU
		{7B61EE8D-E22B-4F5C-8069-85653235F207}.Release|x86.ActiveCfg = Release|Any CPU
		{7B61EE8D-E22B-4F5C-8069-85653235F207}.Release|x86.Build.0 = Release|Any CPU
	EndGlobalSection
	GlobalSection(SolutionProperties) = preSolution
		HideSolutionNode = FALSE
	EndGlobalSection
	GlobalSection(NestedProjects) = preSolution
		{596AD531-0331-6D51-F1EA-EE7225ABB4F2} = {56A9F078-40C9-3DDD-7DA3-B5A4BF238A7F}
		{0F5AED12-5668-4DAF-965E-B938146E7497} = {596AD531-0331-6D51-F1EA-EE7225ABB4F2}
		{54F7DA6F-EA37-D2F8-7D31-0E22057C65BE} = {AAFBD153-24CA-142F-8D87-E9EA6ABB24FE}
		{A79DD375-79B5-4B37-B945-02A13A3E4AB8} = {54F7DA6F-EA37-D2F8-7D31-0E22057C65BE}
		{5ACE1E23-56CB-85AE-16B9-554EA5BF7433} = {26DBFC19-437C-4F90-1A5A-542F2D728CEE}
		{E63EAEE5-9204-4B70-A5F0-1CE9826160A3} = {5ACE1E23-56CB-85AE-16B9-554EA5BF7433}
		{FE3992F4-CC36-C0D1-5274-12530496DB1F} = {26DBFC19-437C-4F90-1A5A-542F2D728CEE}
		{AFA5B9F6-991D-412B-8109-FCD329EBA21B} = {FE3992F4-CC36-C0D1-5274-12530496DB1F}
		{F53EE8E5-FCB2-274F-0460-A463C4E6B05E} = {26DBFC19-437C-4F90-1A5A-542F2D728CEE}
		{EC74504D-6F50-4527-BA05-601C271183F0} = {F53EE8E5-FCB2-274F-0460-A463C4E6B05E}
		{153B590F-F5DC-B45C-3D4A-2B1FA8A0AE67} = {26DBFC19-437C-4F90-1A5A-542F2D728CEE}
		{B2A13BEB-5829-4F60-A7A2-AD7F6450C27B} = {153B590F-F5DC-B45C-3D4A-2B1FA8A0AE67}
		{234D4270-9C81-DE9C-F77D-6160D21C44F7} = {AAFBD153-24CA-142F-8D87-E9EA6ABB24FE}
		{8C76F8DC-2CF5-4A78-B458-A1F629CE2CFA} = {234D4270-9C81-DE9C-F77D-6160D21C44F7}
		{7CA0D51C-84E9-8712-0C1F-3FAD12ADE1E5} = {56A9F078-40C9-3DDD-7DA3-B5A4BF238A7F}
		{7CFBD0EF-61EB-4CEF-9D36-8BFC3C33D9B1} = {7CA0D51C-84E9-8712-0C1F-3FAD12ADE1E5}
		{9D937873-6CE6-7BC9-A64B-A1419C8415E6} = {26DBFC19-437C-4F90-1A5A-542F2D728CEE}
		{25E21D3B-BD84-4D36-885D-9EB64C943B97} = {9D937873-6CE6-7BC9-A64B-A1419C8415E6}
		{DFDAB432-7130-2039-E45F-EAB82F5C4631} = {26DBFC19-437C-4F90-1A5A-542F2D728CEE}
		{8B689B7C-5DC5-408F-889D-F927E1AD2582} = {DFDAB432-7130-2039-E45F-EAB82F5C4631}
		{8BFCA0EC-EE64-40DD-E87D-5C4BD1B6D5A5} = {AAFBD153-24CA-142F-8D87-E9EA6ABB24FE}
		{C540C4A9-257E-43BD-BFB8-2B95C4474237} = {8BFCA0EC-EE64-40DD-E87D-5C4BD1B6D5A5}
		{97D8945E-59FA-0188-FC69-6B16FBD6DC40} = {26DBFC19-437C-4F90-1A5A-542F2D728CEE}
		{37E34416-94C7-4CB3-AB71-225A4F44CBC7} = {97D8945E-59FA-0188-FC69-6B16FBD6DC40}
		{6CB770A1-D217-CF4C-3F8E-F9C495E5E553} = {56A9F078-40C9-3DDD-7DA3-B5A4BF238A7F}
		{7B61EE8D-E22B-4F5C-8069-85653235F207} = {6CB770A1-D217-CF4C-3F8E-F9C495E5E553}
	EndGlobalSection
EndGlobal
